// !$*UTF8*$!
{
	archiveVersion = 1;
	classes = {
	};
	objectVersion = 56;
	objects = {

/* Begin PBXBuildFile section */
		4698BDC52B123721003DCAC7 /* CustomTextField.swift in Sources */ = {isa = PBXBuildFile; fileRef = 4698BDC42B123721003DCAC7 /* CustomTextField.swift */; };
		4698BDC72B1238DB003DCAC7 /* CustomLabel.swift in Sources */ = {isa = PBXBuildFile; fileRef = 4698BDC62B1238DB003DCAC7 /* CustomLabel.swift */; };
		4698BDC92B1239D6003DCAC7 /* CustomTextButton.swift in Sources */ = {isa = PBXBuildFile; fileRef = 4698BDC82B1239D6003DCAC7 /* CustomTextButton.swift */; };
		4698BDCB2B123DDC003DCAC7 /* CustomImageButton.swift in Sources */ = {isa = PBXBuildFile; fileRef = 4698BDCA2B123DDC003DCAC7 /* CustomImageButton.swift */; };
		4698BDFF2B13A30A003DCAC7 /* SettingsViewModel.swift in Sources */ = {isa = PBXBuildFile; fileRef = 4698BDFE2B13A30A003DCAC7 /* SettingsViewModel.swift */; };
		4698BE012B13AA5B003DCAC7 /* NotificationManager.swift in Sources */ = {isa = PBXBuildFile; fileRef = 4698BE002B13AA5B003DCAC7 /* NotificationManager.swift */; };
		4698BE032B13D6AC003DCAC7 /* Extension+String.swift in Sources */ = {isa = PBXBuildFile; fileRef = 4698BE022B13D6AC003DCAC7 /* Extension+String.swift */; };
		46EAAE0A2B068925003042E8 /* Double+Extension.swift in Sources */ = {isa = PBXBuildFile; fileRef = 46EAAE092B068925003042E8 /* Double+Extension.swift */; };
		46EAAE0E2B068E05003042E8 /* AddExpenseViewController.swift in Sources */ = {isa = PBXBuildFile; fileRef = 46EAAE0D2B068E05003042E8 /* AddExpenseViewController.swift */; };
		46EAAE142B091B52003042E8 /* ExpensesListViewController.swift in Sources */ = {isa = PBXBuildFile; fileRef = 46EAAE132B091B52003042E8 /* ExpensesListViewController.swift */; };
		46EAAE162B0A7D8C003042E8 /* ExpensesListViewModel.swift in Sources */ = {isa = PBXBuildFile; fileRef = 46EAAE152B0A7D8C003042E8 /* ExpensesListViewModel.swift */; };
		46EAAE182B0A7F90003042E8 /* ExpensesCell.swift in Sources */ = {isa = PBXBuildFile; fileRef = 46EAAE172B0A7F90003042E8 /* ExpensesCell.swift */; };
		46EAAE202B0D1D30003042E8 /* .swiftlint.yml in Resources */ = {isa = PBXBuildFile; fileRef = 46EAAE1F2B0D1D30003042E8 /* .swiftlint.yml */; };
		46EAAE222B0E3C8D003042E8 /* UIFont+Extension.swift in Sources */ = {isa = PBXBuildFile; fileRef = 46EAAE212B0E3C8D003042E8 /* UIFont+Extension.swift */; };
		46EAAE252B0E4673003042E8 /* Coordinator.swift in Sources */ = {isa = PBXBuildFile; fileRef = 46EAAE242B0E4673003042E8 /* Coordinator.swift */; };
		46EAAE272B0E478F003042E8 /* AppCoordinator.swift in Sources */ = {isa = PBXBuildFile; fileRef = 46EAAE262B0E478F003042E8 /* AppCoordinator.swift */; };
		46FE95482B068190006924EB /* AppDelegate.swift in Sources */ = {isa = PBXBuildFile; fileRef = 46FE95472B068190006924EB /* AppDelegate.swift */; };
		46FE954A2B068190006924EB /* SceneDelegate.swift in Sources */ = {isa = PBXBuildFile; fileRef = 46FE95492B068190006924EB /* SceneDelegate.swift */; };
		46FE95512B068191006924EB /* Assets.xcassets in Resources */ = {isa = PBXBuildFile; fileRef = 46FE95502B068191006924EB /* Assets.xcassets */; };
		46FE955F2B0682B6006924EB /* SnapKit in Frameworks */ = {isa = PBXBuildFile; productRef = 46FE955E2B0682B6006924EB /* SnapKit */; };
		46FE95622B0683D9006924EB /* Realm in Frameworks */ = {isa = PBXBuildFile; productRef = 46FE95612B0683D9006924EB /* Realm */; };
		46FE95642B0683D9006924EB /* RealmSwift in Frameworks */ = {isa = PBXBuildFile; productRef = 46FE95632B0683D9006924EB /* RealmSwift */; };
		46FE95662B0684E4006924EB /* InputInfoViewController.swift in Sources */ = {isa = PBXBuildFile; fileRef = 46FE95652B0684E4006924EB /* InputInfoViewController.swift */; };
		46FE95682B06850F006924EB /* DetailViewController.swift in Sources */ = {isa = PBXBuildFile; fileRef = 46FE95672B06850F006924EB /* DetailViewController.swift */; };
		46FE956A2B06858E006924EB /* SettingsViewController.swift in Sources */ = {isa = PBXBuildFile; fileRef = 46FE95692B06858E006924EB /* SettingsViewController.swift */; };
		46FE956C2B0685D7006924EB /* UserFinanceViewModel.swift in Sources */ = {isa = PBXBuildFile; fileRef = 46FE956B2B0685D7006924EB /* UserFinanceViewModel.swift */; };
		46FE956E2B068624006924EB /* UserFinanceModel.swift in Sources */ = {isa = PBXBuildFile; fileRef = 46FE956D2B068624006924EB /* UserFinanceModel.swift */; };
		46FE95702B06862E006924EB /* UserFinanceRealmModel.swift in Sources */ = {isa = PBXBuildFile; fileRef = 46FE956F2B06862E006924EB /* UserFinanceRealmModel.swift */; };
/* End PBXBuildFile section */

/* Begin PBXFileReference section */
		4698BDC42B123721003DCAC7 /* CustomTextField.swift */ = {isa = PBXFileReference; lastKnownFileType = sourcecode.swift; path = CustomTextField.swift; sourceTree = "<group>"; };
		4698BDC62B1238DB003DCAC7 /* CustomLabel.swift */ = {isa = PBXFileReference; lastKnownFileType = sourcecode.swift; path = CustomLabel.swift; sourceTree = "<group>"; };
		4698BDC82B1239D6003DCAC7 /* CustomTextButton.swift */ = {isa = PBXFileReference; lastKnownFileType = sourcecode.swift; path = CustomTextButton.swift; sourceTree = "<group>"; };
		4698BDCA2B123DDC003DCAC7 /* CustomImageButton.swift */ = {isa = PBXFileReference; lastKnownFileType = sourcecode.swift; path = CustomImageButton.swift; sourceTree = "<group>"; };
		4698BDFE2B13A30A003DCAC7 /* SettingsViewModel.swift */ = {isa = PBXFileReference; lastKnownFileType = sourcecode.swift; path = SettingsViewModel.swift; sourceTree = "<group>"; };
		4698BE002B13AA5B003DCAC7 /* NotificationManager.swift */ = {isa = PBXFileReference; lastKnownFileType = sourcecode.swift; path = NotificationManager.swift; sourceTree = "<group>"; };
		4698BE022B13D6AC003DCAC7 /* Extension+String.swift */ = {isa = PBXFileReference; lastKnownFileType = sourcecode.swift; path = "Extension+String.swift"; sourceTree = "<group>"; };
		46EAAE092B068925003042E8 /* Double+Extension.swift */ = {isa = PBXFileReference; lastKnownFileType = sourcecode.swift; path = "Double+Extension.swift"; sourceTree = "<group>"; };
		46EAAE0D2B068E05003042E8 /* AddExpenseViewController.swift */ = {isa = PBXFileReference; lastKnownFileType = sourcecode.swift; path = AddExpenseViewController.swift; sourceTree = "<group>"; };
		46EAAE132B091B52003042E8 /* ExpensesListViewController.swift */ = {isa = PBXFileReference; lastKnownFileType = sourcecode.swift; path = ExpensesListViewController.swift; sourceTree = "<group>"; };
		46EAAE152B0A7D8C003042E8 /* ExpensesListViewModel.swift */ = {isa = PBXFileReference; lastKnownFileType = sourcecode.swift; path = ExpensesListViewModel.swift; sourceTree = "<group>"; };
		46EAAE172B0A7F90003042E8 /* ExpensesCell.swift */ = {isa = PBXFileReference; lastKnownFileType = sourcecode.swift; path = ExpensesCell.swift; sourceTree = "<group>"; };
		46EAAE1F2B0D1D30003042E8 /* .swiftlint.yml */ = {isa = PBXFileReference; fileEncoding = 4; lastKnownFileType = text.yaml; path = .swiftlint.yml; sourceTree = "<group>"; };
		46EAAE212B0E3C8D003042E8 /* UIFont+Extension.swift */ = {isa = PBXFileReference; lastKnownFileType = sourcecode.swift; path = "UIFont+Extension.swift"; sourceTree = "<group>"; };
		46EAAE242B0E4673003042E8 /* Coordinator.swift */ = {isa = PBXFileReference; lastKnownFileType = sourcecode.swift; path = Coordinator.swift; sourceTree = "<group>"; };
		46EAAE262B0E478F003042E8 /* AppCoordinator.swift */ = {isa = PBXFileReference; lastKnownFileType = sourcecode.swift; path = AppCoordinator.swift; sourceTree = "<group>"; };
		46FE95442B068190006924EB /* TimeIsMoney.app */ = {isa = PBXFileReference; explicitFileType = wrapper.application; includeInIndex = 0; path = TimeIsMoney.app; sourceTree = BUILT_PRODUCTS_DIR; };
		46FE95472B068190006924EB /* AppDelegate.swift */ = {isa = PBXFileReference; lastKnownFileType = sourcecode.swift; path = AppDelegate.swift; sourceTree = "<group>"; };
		46FE95492B068190006924EB /* SceneDelegate.swift */ = {isa = PBXFileReference; lastKnownFileType = sourcecode.swift; path = SceneDelegate.swift; sourceTree = "<group>"; };
		46FE95502B068191006924EB /* Assets.xcassets */ = {isa = PBXFileReference; lastKnownFileType = folder.assetcatalog; path = Assets.xcassets; sourceTree = "<group>"; };
		46FE95552B068191006924EB /* Info.plist */ = {isa = PBXFileReference; lastKnownFileType = text.plist.xml; path = Info.plist; sourceTree = "<group>"; };
		46FE95652B0684E4006924EB /* InputInfoViewController.swift */ = {isa = PBXFileReference; lastKnownFileType = sourcecode.swift; path = InputInfoViewController.swift; sourceTree = "<group>"; };
		46FE95672B06850F006924EB /* DetailViewController.swift */ = {isa = PBXFileReference; lastKnownFileType = sourcecode.swift; path = DetailViewController.swift; sourceTree = "<group>"; };
		46FE95692B06858E006924EB /* SettingsViewController.swift */ = {isa = PBXFileReference; lastKnownFileType = sourcecode.swift; path = SettingsViewController.swift; sourceTree = "<group>"; };
		46FE956B2B0685D7006924EB /* UserFinanceViewModel.swift */ = {isa = PBXFileReference; lastKnownFileType = sourcecode.swift; path = UserFinanceViewModel.swift; sourceTree = "<group>"; };
		46FE956D2B068624006924EB /* UserFinanceModel.swift */ = {isa = PBXFileReference; lastKnownFileType = sourcecode.swift; path = UserFinanceModel.swift; sourceTree = "<group>"; };
		46FE956F2B06862E006924EB /* UserFinanceRealmModel.swift */ = {isa = PBXFileReference; lastKnownFileType = sourcecode.swift; path = UserFinanceRealmModel.swift; sourceTree = "<group>"; };
/* End PBXFileReference section */

/* Begin PBXFrameworksBuildPhase section */
		46FE95412B068190006924EB /* Frameworks */ = {
			isa = PBXFrameworksBuildPhase;
			buildActionMask = 2147483647;
			files = (
				46FE95642B0683D9006924EB /* RealmSwift in Frameworks */,
				46FE95622B0683D9006924EB /* Realm in Frameworks */,
				46FE955F2B0682B6006924EB /* SnapKit in Frameworks */,
			);
			runOnlyForDeploymentPostprocessing = 0;
		};
/* End PBXFrameworksBuildPhase section */

/* Begin PBXGroup section */
		4698BDC32B123676003DCAC7 /* ViewControllers */ = {
			isa = PBXGroup;
			children = (
				46EAAE192B0BC6A7003042E8 /* ExpensesList */,
				46FE95652B0684E4006924EB /* InputInfoViewController.swift */,
				46FE95672B06850F006924EB /* DetailViewController.swift */,
				46FE95692B06858E006924EB /* SettingsViewController.swift */,
				46EAAE0D2B068E05003042E8 /* AddExpenseViewController.swift */,
			);
			path = ViewControllers;
			sourceTree = "<group>";
		};
		46EAAE052B0688CE003042E8 /* Models */ = {
			isa = PBXGroup;
			children = (
				46FE956D2B068624006924EB /* UserFinanceModel.swift */,
				46FE956F2B06862E006924EB /* UserFinanceRealmModel.swift */,
			);
			path = Models;
			sourceTree = "<group>";
		};
		46EAAE062B0688FE003042E8 /* Extensions */ = {
			isa = PBXGroup;
			children = (
				46EAAE092B068925003042E8 /* Double+Extension.swift */,
				46EAAE212B0E3C8D003042E8 /* UIFont+Extension.swift */,
				4698BE022B13D6AC003DCAC7 /* Extension+String.swift */,
			);
			path = Extensions;
			sourceTree = "<group>";
		};
		46EAAE0B2B068B2D003042E8 /* Views */ = {
			isa = PBXGroup;
			children = (
				4698BDC42B123721003DCAC7 /* CustomTextField.swift */,
				4698BDC62B1238DB003DCAC7 /* CustomLabel.swift */,
				4698BDC82B1239D6003DCAC7 /* CustomTextButton.swift */,
				4698BDCA2B123DDC003DCAC7 /* CustomImageButton.swift */,
			);
			path = Views;
			sourceTree = "<group>";
		};
		46EAAE0C2B068B48003042E8 /* ViewModel */ = {
			isa = PBXGroup;
			children = (
				46FE956B2B0685D7006924EB /* UserFinanceViewModel.swift */,
				46EAAE152B0A7D8C003042E8 /* ExpensesListViewModel.swift */,
				4698BDFE2B13A30A003DCAC7 /* SettingsViewModel.swift */,
			);
			path = ViewModel;
			sourceTree = "<group>";
		};
		46EAAE192B0BC6A7003042E8 /* ExpensesList */ = {
			isa = PBXGroup;
			children = (
				46EAAE132B091B52003042E8 /* ExpensesListViewController.swift */,
				46EAAE172B0A7F90003042E8 /* ExpensesCell.swift */,
			);
			path = ExpensesList;
			sourceTree = "<group>";
		};
		46EAAE232B0E4662003042E8 /* Coordinator */ = {
			isa = PBXGroup;
			children = (
				46EAAE242B0E4673003042E8 /* Coordinator.swift */,
				46EAAE262B0E478F003042E8 /* AppCoordinator.swift */,
			);
			path = Coordinator;
			sourceTree = "<group>";
		};
		46FE953B2B068190006924EB = {
			isa = PBXGroup;
			children = (
				46FE95462B068190006924EB /* TimeIsMoney */,
				46EAAE1F2B0D1D30003042E8 /* .swiftlint.yml */,
				46FE95452B068190006924EB /* Products */,
			);
			sourceTree = "<group>";
		};
		46FE95452B068190006924EB /* Products */ = {
			isa = PBXGroup;
			children = (
				46FE95442B068190006924EB /* TimeIsMoney.app */,
			);
			name = Products;
			sourceTree = "<group>";
		};
		46FE95462B068190006924EB /* TimeIsMoney */ = {
			isa = PBXGroup;
			children = (
				4698BDC32B123676003DCAC7 /* ViewControllers */,
				46EAAE232B0E4662003042E8 /* Coordinator */,
				46FE955B2B06819E006924EB /* Application */,
				46EAAE062B0688FE003042E8 /* Extensions */,
				46EAAE052B0688CE003042E8 /* Models */,
				46EAAE0B2B068B2D003042E8 /* Views */,
				46EAAE0C2B068B48003042E8 /* ViewModel */,
				46FE955C2B0681A9006924EB /* Resources */,
				4698BE002B13AA5B003DCAC7 /* NotificationManager.swift */,
			);
			path = TimeIsMoney;
			sourceTree = "<group>";
		};
		46FE955B2B06819E006924EB /* Application */ = {
			isa = PBXGroup;
			children = (
				46FE95472B068190006924EB /* AppDelegate.swift */,
				46FE95492B068190006924EB /* SceneDelegate.swift */,
			);
			path = Application;
			sourceTree = "<group>";
		};
		46FE955C2B0681A9006924EB /* Resources */ = {
			isa = PBXGroup;
			children = (
				46FE95502B068191006924EB /* Assets.xcassets */,
				46FE95552B068191006924EB /* Info.plist */,
			);
			path = Resources;
			sourceTree = "<group>";
		};
/* End PBXGroup section */

/* Begin PBXNativeTarget section */
		46FE95432B068190006924EB /* TimeIsMoney */ = {
			isa = PBXNativeTarget;
			buildConfigurationList = 46FE95582B068191006924EB /* Build configuration list for PBXNativeTarget "TimeIsMoney" */;
			buildPhases = (
				46FE95402B068190006924EB /* Sources */,
				46FE95412B068190006924EB /* Frameworks */,
				46FE95422B068190006924EB /* Resources */,
				46EAAE1C2B0D1931003042E8 /* Build with SwiftLint */,
			);
			buildRules = (
			);
			dependencies = (
			);
			name = TimeIsMoney;
			packageProductDependencies = (
				46FE955E2B0682B6006924EB /* SnapKit */,
				46FE95612B0683D9006924EB /* Realm */,
				46FE95632B0683D9006924EB /* RealmSwift */,
			);
			productName = TimeIsMoney;
			productReference = 46FE95442B068190006924EB /* TimeIsMoney.app */;
			productType = "com.apple.product-type.application";
		};
/* End PBXNativeTarget section */

/* Begin PBXProject section */
		46FE953C2B068190006924EB /* Project object */ = {
			isa = PBXProject;
			attributes = {
				BuildIndependentTargetsInParallel = 1;
				LastSwiftUpdateCheck = 1500;
				LastUpgradeCheck = 1500;
				TargetAttributes = {
					46FE95432B068190006924EB = {
						CreatedOnToolsVersion = 15.0.1;
					};
				};
			};
			buildConfigurationList = 46FE953F2B068190006924EB /* Build configuration list for PBXProject "TimeIsMoney" */;
			compatibilityVersion = "Xcode 14.0";
			developmentRegion = en;
			hasScannedForEncodings = 0;
			knownRegions = (
				en,
				Base,
			);
			mainGroup = 46FE953B2B068190006924EB;
			packageReferences = (
				46FE955D2B0682B6006924EB /* XCRemoteSwiftPackageReference "SnapKit" */,
				46FE95602B0683D9006924EB /* XCRemoteSwiftPackageReference "realm-swift" */,
			);
			productRefGroup = 46FE95452B068190006924EB /* Products */;
			projectDirPath = "";
			projectRoot = "";
			targets = (
				46FE95432B068190006924EB /* TimeIsMoney */,
			);
		};
/* End PBXProject section */

/* Begin PBXResourcesBuildPhase section */
		46FE95422B068190006924EB /* Resources */ = {
			isa = PBXResourcesBuildPhase;
			buildActionMask = 2147483647;
			files = (
				46EAAE202B0D1D30003042E8 /* .swiftlint.yml in Resources */,
				46FE95512B068191006924EB /* Assets.xcassets in Resources */,
			);
			runOnlyForDeploymentPostprocessing = 0;
		};
/* End PBXResourcesBuildPhase section */

/* Begin PBXShellScriptBuildPhase section */
		46EAAE1C2B0D1931003042E8 /* Build with SwiftLint */ = {
			isa = PBXShellScriptBuildPhase;
			alwaysOutOfDate = 1;
			buildActionMask = 2147483647;
			files = (
			);
			inputFileListPaths = (
			);
			inputPaths = (
			);
			name = "Build with SwiftLint";
			outputFileListPaths = (
			);
			outputPaths = (
			);
			runOnlyForDeploymentPostprocessing = 0;
			shellPath = /bin/sh;
			shellScript = "if which swiftlint >/dev/null; then\n  swiftlint\nelse\n  echo \"warning: SwiftLint not installed, download from https://github.com/realm/SwiftLint\"\nfi\n";
		};
/* End PBXShellScriptBuildPhase section */

/* Begin PBXSourcesBuildPhase section */
		46FE95402B068190006924EB /* Sources */ = {
			isa = PBXSourcesBuildPhase;
			buildActionMask = 2147483647;
			files = (
				46EAAE222B0E3C8D003042E8 /* UIFont+Extension.swift in Sources */,
				4698BDC92B1239D6003DCAC7 /* CustomTextButton.swift in Sources */,
				4698BDC72B1238DB003DCAC7 /* CustomLabel.swift in Sources */,
				46FE95482B068190006924EB /* AppDelegate.swift in Sources */,
				4698BE012B13AA5B003DCAC7 /* NotificationManager.swift in Sources */,
				46EAAE252B0E4673003042E8 /* Coordinator.swift in Sources */,
				46FE95682B06850F006924EB /* DetailViewController.swift in Sources */,
				46EAAE272B0E478F003042E8 /* AppCoordinator.swift in Sources */,
				46FE956C2B0685D7006924EB /* UserFinanceViewModel.swift in Sources */,
				4698BDCB2B123DDC003DCAC7 /* CustomImageButton.swift in Sources */,
				46FE95702B06862E006924EB /* UserFinanceRealmModel.swift in Sources */,
				46FE954A2B068190006924EB /* SceneDelegate.swift in Sources */,
				4698BDC52B123721003DCAC7 /* CustomTextField.swift in Sources */,
				46FE95662B0684E4006924EB /* InputInfoViewController.swift in Sources */,
				46FE956A2B06858E006924EB /* SettingsViewController.swift in Sources */,
				4698BE032B13D6AC003DCAC7 /* Extension+String.swift in Sources */,
				46EAAE142B091B52003042E8 /* ExpensesListViewController.swift in Sources */,
				46EAAE0A2B068925003042E8 /* Double+Extension.swift in Sources */,
				46EAAE182B0A7F90003042E8 /* ExpensesCell.swift in Sources */,
				46FE956E2B068624006924EB /* UserFinanceModel.swift in Sources */,
				46EAAE162B0A7D8C003042E8 /* ExpensesListViewModel.swift in Sources */,
				46EAAE0E2B068E05003042E8 /* AddExpenseViewController.swift in Sources */,
				4698BDFF2B13A30A003DCAC7 /* SettingsViewModel.swift in Sources */,
			);
			runOnlyForDeploymentPostprocessing = 0;
		};
/* End PBXSourcesBuildPhase section */

/* Begin XCBuildConfiguration section */
		46FE95562B068191006924EB /* Debug */ = {
			isa = XCBuildConfiguration;
			buildSettings = {
				ALWAYS_SEARCH_USER_PATHS = NO;
				ASSETCATALOG_COMPILER_GENERATE_SWIFT_ASSET_SYMBOL_EXTENSIONS = YES;
				CLANG_ANALYZER_NONNULL = YES;
				CLANG_ANALYZER_NUMBER_OBJECT_CONVERSION = YES_AGGRESSIVE;
				CLANG_CXX_LANGUAGE_STANDARD = "gnu++20";
				CLANG_ENABLE_MODULES = YES;
				CLANG_ENABLE_OBJC_ARC = YES;
				CLANG_ENABLE_OBJC_WEAK = YES;
				CLANG_WARN_BLOCK_CAPTURE_AUTORELEASING = YES;
				CLANG_WARN_BOOL_CONVERSION = YES;
				CLANG_WARN_COMMA = YES;
				CLANG_WARN_CONSTANT_CONVERSION = YES;
				CLANG_WARN_DEPRECATED_OBJC_IMPLEMENTATIONS = YES;
				CLANG_WARN_DIRECT_OBJC_ISA_USAGE = YES_ERROR;
				CLANG_WARN_DOCUMENTATION_COMMENTS = YES;
				CLANG_WARN_EMPTY_BODY = YES;
				CLANG_WARN_ENUM_CONVERSION = YES;
				CLANG_WARN_INFINITE_RECURSION = YES;
				CLANG_WARN_INT_CONVERSION = YES;
				CLANG_WARN_NON_LITERAL_NULL_CONVERSION = YES;
				CLANG_WARN_OBJC_IMPLICIT_RETAIN_SELF = YES;
				CLANG_WARN_OBJC_LITERAL_CONVERSION = YES;
				CLANG_WARN_OBJC_ROOT_CLASS = YES_ERROR;
				CLANG_WARN_QUOTED_INCLUDE_IN_FRAMEWORK_HEADER = YES;
				CLANG_WARN_RANGE_LOOP_ANALYSIS = YES;
				CLANG_WARN_STRICT_PROTOTYPES = YES;
				CLANG_WARN_SUSPICIOUS_MOVE = YES;
				CLANG_WARN_UNGUARDED_AVAILABILITY = YES_AGGRESSIVE;
				CLANG_WARN_UNREACHABLE_CODE = YES;
				CLANG_WARN__DUPLICATE_METHOD_MATCH = YES;
				COPY_PHASE_STRIP = NO;
				DEBUG_INFORMATION_FORMAT = dwarf;
				ENABLE_STRICT_OBJC_MSGSEND = YES;
				ENABLE_TESTABILITY = YES;
				ENABLE_USER_SCRIPT_SANDBOXING = YES;
				GCC_C_LANGUAGE_STANDARD = gnu17;
				GCC_DYNAMIC_NO_PIC = NO;
				GCC_NO_COMMON_BLOCKS = YES;
				GCC_OPTIMIZATION_LEVEL = 0;
				GCC_PREPROCESSOR_DEFINITIONS = (
					"DEBUG=1",
					"$(inherited)",
				);
				GCC_WARN_64_TO_32_BIT_CONVERSION = YES;
				GCC_WARN_ABOUT_RETURN_TYPE = YES_ERROR;
				GCC_WARN_UNDECLARED_SELECTOR = YES;
				GCC_WARN_UNINITIALIZED_AUTOS = YES_AGGRESSIVE;
				GCC_WARN_UNUSED_FUNCTION = YES;
				GCC_WARN_UNUSED_VARIABLE = YES;
				IPHONEOS_DEPLOYMENT_TARGET = 17.0;
				LOCALIZATION_PREFERS_STRING_CATALOGS = YES;
				MTL_ENABLE_DEBUG_INFO = INCLUDE_SOURCE;
				MTL_FAST_MATH = YES;
				ONLY_ACTIVE_ARCH = YES;
				SDKROOT = iphoneos;
				SWIFT_ACTIVE_COMPILATION_CONDITIONS = "DEBUG $(inherited)";
				SWIFT_OPTIMIZATION_LEVEL = "-Onone";
			};
			name = Debug;
		};
		46FE95572B068191006924EB /* Release */ = {
			isa = XCBuildConfiguration;
			buildSettings = {
				ALWAYS_SEARCH_USER_PATHS = NO;
				ASSETCATALOG_COMPILER_GENERATE_SWIFT_ASSET_SYMBOL_EXTENSIONS = YES;
				CLANG_ANALYZER_NONNULL = YES;
				CLANG_ANALYZER_NUMBER_OBJECT_CONVERSION = YES_AGGRESSIVE;
				CLANG_CXX_LANGUAGE_STANDARD = "gnu++20";
				CLANG_ENABLE_MODULES = YES;
				CLANG_ENABLE_OBJC_ARC = YES;
				CLANG_ENABLE_OBJC_WEAK = YES;
				CLANG_WARN_BLOCK_CAPTURE_AUTORELEASING = YES;
				CLANG_WARN_BOOL_CONVERSION = YES;
				CLANG_WARN_COMMA = YES;
				CLANG_WARN_CONSTANT_CONVERSION = YES;
				CLANG_WARN_DEPRECATED_OBJC_IMPLEMENTATIONS = YES;
				CLANG_WARN_DIRECT_OBJC_ISA_USAGE = YES_ERROR;
				CLANG_WARN_DOCUMENTATION_COMMENTS = YES;
				CLANG_WARN_EMPTY_BODY = YES;
				CLANG_WARN_ENUM_CONVERSION = YES;
				CLANG_WARN_INFINITE_RECURSION = YES;
				CLANG_WARN_INT_CONVERSION = YES;
				CLANG_WARN_NON_LITERAL_NULL_CONVERSION = YES;
				CLANG_WARN_OBJC_IMPLICIT_RETAIN_SELF = YES;
				CLANG_WARN_OBJC_LITERAL_CONVERSION = YES;
				CLANG_WARN_OBJC_ROOT_CLASS = YES_ERROR;
				CLANG_WARN_QUOTED_INCLUDE_IN_FRAMEWORK_HEADER = YES;
				CLANG_WARN_RANGE_LOOP_ANALYSIS = YES;
				CLANG_WARN_STRICT_PROTOTYPES = YES;
				CLANG_WARN_SUSPICIOUS_MOVE = YES;
				CLANG_WARN_UNGUARDED_AVAILABILITY = YES_AGGRESSIVE;
				CLANG_WARN_UNREACHABLE_CODE = YES;
				CLANG_WARN__DUPLICATE_METHOD_MATCH = YES;
				COPY_PHASE_STRIP = NO;
				DEBUG_INFORMATION_FORMAT = "dwarf-with-dsym";
				ENABLE_NS_ASSERTIONS = NO;
				ENABLE_STRICT_OBJC_MSGSEND = YES;
				ENABLE_USER_SCRIPT_SANDBOXING = YES;
				GCC_C_LANGUAGE_STANDARD = gnu17;
				GCC_NO_COMMON_BLOCKS = YES;
				GCC_WARN_64_TO_32_BIT_CONVERSION = YES;
				GCC_WARN_ABOUT_RETURN_TYPE = YES_ERROR;
				GCC_WARN_UNDECLARED_SELECTOR = YES;
				GCC_WARN_UNINITIALIZED_AUTOS = YES_AGGRESSIVE;
				GCC_WARN_UNUSED_FUNCTION = YES;
				GCC_WARN_UNUSED_VARIABLE = YES;
				IPHONEOS_DEPLOYMENT_TARGET = 17.0;
				LOCALIZATION_PREFERS_STRING_CATALOGS = YES;
				MTL_ENABLE_DEBUG_INFO = NO;
				MTL_FAST_MATH = YES;
				SDKROOT = iphoneos;
				SWIFT_COMPILATION_MODE = wholemodule;
				VALIDATE_PRODUCT = YES;
			};
			name = Release;
		};
		46FE95592B068191006924EB /* Debug */ = {
			isa = XCBuildConfiguration;
			buildSettings = {
				ASSETCATALOG_COMPILER_APPICON_NAME = AppIcon;
				ASSETCATALOG_COMPILER_GLOBAL_ACCENT_COLOR_NAME = AccentColor;
				CODE_SIGN_STYLE = Automatic;
				CURRENT_PROJECT_VERSION = 1;
				DEVELOPMENT_TEAM = MG7VG49PJM;
				ENABLE_USER_SCRIPT_SANDBOXING = NO;
				GENERATE_INFOPLIST_FILE = YES;
				INFOPLIST_FILE = TimeIsMoney/Resources/Info.plist;
				INFOPLIST_KEY_UIApplicationSupportsIndirectInputEvents = YES;
				INFOPLIST_KEY_UILaunchStoryboardName = LaunchScreen;
				INFOPLIST_KEY_UISupportedInterfaceOrientations = UIInterfaceOrientationPortrait;
				INFOPLIST_KEY_UISupportedInterfaceOrientations_iPad = "UIInterfaceOrientationLandscapeLeft UIInterfaceOrientationLandscapeRight UIInterfaceOrientationPortrait UIInterfaceOrientationPortraitUpsideDown";
				IPHONEOS_DEPLOYMENT_TARGET = 16.4;
				LD_RUNPATH_SEARCH_PATHS = (
					"$(inherited)",
					"@executable_path/Frameworks",
				);
				MARKETING_VERSION = 1.0;
				PRODUCT_BUNDLE_IDENTIFIER = app.TimeIsMoney;
				PRODUCT_NAME = "$(TARGET_NAME)";
				SWIFT_EMIT_LOC_STRINGS = YES;
				SWIFT_VERSION = 5.0;
				TARGETED_DEVICE_FAMILY = "1,2";
			};
			name = Debug;
		};
		46FE955A2B068191006924EB /* Release */ = {
			isa = XCBuildConfiguration;
			buildSettings = {
				ASSETCATALOG_COMPILER_APPICON_NAME = AppIcon;
				ASSETCATALOG_COMPILER_GLOBAL_ACCENT_COLOR_NAME = AccentColor;
				CODE_SIGN_STYLE = Automatic;
				CURRENT_PROJECT_VERSION = 1;
				DEVELOPMENT_TEAM = MG7VG49PJM;
				ENABLE_USER_SCRIPT_SANDBOXING = NO;
				GENERATE_INFOPLIST_FILE = YES;
				INFOPLIST_FILE = TimeIsMoney/Resources/Info.plist;
				INFOPLIST_KEY_UIApplicationSupportsIndirectInputEvents = YES;
				INFOPLIST_KEY_UILaunchStoryboardName = LaunchScreen;
				INFOPLIST_KEY_UISupportedInterfaceOrientations = UIInterfaceOrientationPortrait;
				INFOPLIST_KEY_UISupportedInterfaceOrientations_iPad = "UIInterfaceOrientationLandscapeLeft UIInterfaceOrientationLandscapeRight UIInterfaceOrientationPortrait UIInterfaceOrientationPortraitUpsideDown";
				IPHONEOS_DEPLOYMENT_TARGET = 16.4;
				LD_RUNPATH_SEARCH_PATHS = (
					"$(inherited)",
					"@executable_path/Frameworks",
				);
				MARKETING_VERSION = 1.0;
				PRODUCT_BUNDLE_IDENTIFIER = app.TimeIsMoney;
				PRODUCT_NAME = "$(TARGET_NAME)";
				SWIFT_EMIT_LOC_STRINGS = YES;
				SWIFT_VERSION = 5.0;
				TARGETED_DEVICE_FAMILY = "1,2";
			};
			name = Release;
		};
/* End XCBuildConfiguration section */

/* Begin XCConfigurationList section */
		46FE953F2B068190006924EB /* Build configuration list for PBXProject "TimeIsMoney" */ = {
			isa = XCConfigurationList;
			buildConfigurations = (
				46FE95562B068191006924EB /* Debug */,
				46FE95572B068191006924EB /* Release */,
			);
			defaultConfigurationIsVisible = 0;
			defaultConfigurationName = Release;
		};
		46FE95582B068191006924EB /* Build configuration list for PBXNativeTarget "TimeIsMoney" */ = {
			isa = XCConfigurationList;
			buildConfigurations = (
				46FE95592B068191006924EB /* Debug */,
				46FE955A2B068191006924EB /* Release */,
			);
			defaultConfigurationIsVisible = 0;
			defaultConfigurationName = Release;
		};
/* End XCConfigurationList section */

/* Begin XCRemoteSwiftPackageReference section */
		46FE955D2B0682B6006924EB /* XCRemoteSwiftPackageReference "SnapKit" */ = {
			isa = XCRemoteSwiftPackageReference;
			repositoryURL = "https://github.com/SnapKit/SnapKit";
			requirement = {
				kind = upToNextMajorVersion;
				minimumVersion = 5.6.0;
			};
		};
		46FE95602B0683D9006924EB /* XCRemoteSwiftPackageReference "realm-swift" */ = {
			isa = XCRemoteSwiftPackageReference;
			repositoryURL = "https://github.com/realm/realm-swift.git";
			requirement = {
				kind = upToNextMajorVersion;
				minimumVersion = 10.44.0;
			};
		};
/* End XCRemoteSwiftPackageReference section */

/* Begin XCSwiftPackageProductDependency section */
		46FE955E2B0682B6006924EB /* SnapKit */ = {
			isa = XCSwiftPackageProductDependency;
			package = 46FE955D2B0682B6006924EB /* XCRemoteSwiftPackageReference "SnapKit" */;
			productName = SnapKit;
		};
		46FE95612B0683D9006924EB /* Realm */ = {
			isa = XCSwiftPackageProductDependency;
			package = 46FE95602B0683D9006924EB /* XCRemoteSwiftPackageReference "realm-swift" */;
			productName = Realm;
		};
		46FE95632B0683D9006924EB /* RealmSwift */ = {
			isa = XCSwiftPackageProductDependency;
			package = 46FE95602B0683D9006924EB /* XCRemoteSwiftPackageReference "realm-swift" */;
			productName = RealmSwift;
		};
/* End XCSwiftPackageProductDependency section */
	};
	rootObject = 46FE953C2B068190006924EB /* Project object */;
}
